importers:
  examples/fs:
    dependencies:
      crawler-ts: link:../../packages/crawler-ts
      crawler-ts-fs: link:../../packages/crawler-ts-fs
    devDependencies:
      '@types/node': 12.19.15
      typescript: 4.1.3
    specifiers:
      '@types/node': 12.x
      crawler-ts: workspace:*
      crawler-ts-fs: workspace:*
      typescript: ^4.1.3
  examples/hacker-news:
    dependencies:
      crawler-ts: link:../../packages/crawler-ts
      crawler-ts-htmlparser2: link:../../packages/crawler-ts-htmlparser2
      css-select: 3.1.2
      domhandler: 4.0.0
      domutils: 2.4.4
    devDependencies:
      '@types/node': 12.19.15
      typescript: 4.1.3
    specifiers:
      '@types/node': 12.x
      crawler-ts: workspace:*
      crawler-ts-htmlparser2: workspace:*
      css-select: ^3.1.2
      domhandler: ^4.0.0
      domutils: ^2.4.4
      typescript: ^4.1.3
  examples/mars-news:
    dependencies:
      crawler-ts: link:../../packages/crawler-ts
      crawler-ts-htmlparser2: link:../../packages/crawler-ts-htmlparser2
      css-select: 3.1.2
      domutils: 2.4.4
    devDependencies:
      '@types/node': 12.19.15
      typescript: 4.1.3
    specifiers:
      '@types/node': 12.x
      crawler-ts: workspace:*
      crawler-ts-htmlparser2: workspace:*
      css-select: ^3.1.2
      domutils: ^2.4.4
      typescript: ^4.1.3
  packages/crawler-ts:
    devDependencies:
      typescript: 4.1.3
    specifiers:
      typescript: ^4.1.3
  packages/crawler-ts-fetch:
    dependencies:
      node-fetch: 2.6.1
    devDependencies:
      '@types/node-fetch': 2.5.7
      typescript: 4.1.3
    specifiers:
      '@types/node-fetch': ^2.5.7
      node-fetch: ^2.6.0
      typescript: ^4.1.3
  packages/crawler-ts-fs:
    dependencies:
      crawler-ts: link:../crawler-ts
    devDependencies:
      '@types/node': 12.19.15
      typescript: 4.1.3
    specifiers:
      '@types/node': 12.x
      crawler-ts: ^1.1.1
      typescript: ^4.1.3
  packages/crawler-ts-htmlparser2:
    dependencies:
      crawler-ts: link:../crawler-ts
      crawler-ts-fetch: link:../crawler-ts-fetch
      css-select: 3.1.2
      domhandler: 4.0.0
      htmlparser2: 6.0.0
    devDependencies:
      typescript: 4.1.3
    specifiers:
      crawler-ts: ^1.1.1
      crawler-ts-fetch: ^1.1.1
      css-select: ^3.1.2
      domhandler: ^4.0.0
      htmlparser2: ^6.0.0
      typescript: ^4.1.3
lockfileVersion: 5.2
packages:
  /@types/node-fetch/2.5.7:
    dependencies:
      '@types/node': 12.19.15
      form-data: 3.0.0
    dev: true
    resolution:
      integrity: sha512-o2WVNf5UhWRkxlf6eq+jMZDu7kjgpgJfl4xVNlvryc95O/6F2ld8ztKX+qu+Rjyet93WAWm5LjeX9H5FGkODvw==
  /@types/node/12.19.15:
    dev: true
    resolution:
      integrity: sha512-lowukE3GUI+VSYSu6VcBXl14d61Rp5hA1D+61r16qnwC0lYNSqdxcvRh0pswejorHfS+HgwBasM8jLXz0/aOsw==
  /asynckit/0.4.0:
    dev: true
    resolution:
      integrity: sha1-x57Zf380y48robyXkLzDZkdLS3k=
  /boolbase/1.0.0:
    dev: false
    resolution:
      integrity: sha1-aN/1++YMUes3cl6p4+0xDcwed24=
  /combined-stream/1.0.8:
    dependencies:
      delayed-stream: 1.0.0
    dev: true
    engines:
      node: '>= 0.8'
    resolution:
      integrity: sha512-FQN4MRfuJeHf7cBbBMJFXhKSDq+2kAArBlmRBvcvFE5BB1HZKXtSFASDhdlz9zOYwxh8lDdnvmMOe/+5cdoEdg==
  /css-select/3.1.2:
    dependencies:
      boolbase: 1.0.0
      css-what: 4.0.0
      domhandler: 4.0.0
      domutils: 2.4.4
      nth-check: 2.0.0
    dev: false
    resolution:
      integrity: sha512-qmss1EihSuBNWNNhHjxzxSfJoFBM/lERB/Q4EnsJQQC62R2evJDW481091oAdOr9uh46/0n4nrg0It5cAnj1RA==
  /css-what/4.0.0:
    dev: false
    engines:
      node: '>= 6'
    resolution:
      integrity: sha512-teijzG7kwYfNVsUh2H/YN62xW3KK9YhXEgSlbxMlcyjPNvdKJqFx5lrwlJgoFP1ZHlB89iGDlo/JyshKeRhv5A==
  /delayed-stream/1.0.0:
    dev: true
    engines:
      node: '>=0.4.0'
    resolution:
      integrity: sha1-3zrhmayt+31ECqrgsp4icrJOxhk=
  /dom-serializer/1.2.0:
    dependencies:
      domelementtype: 2.1.0
      domhandler: 4.0.0
      entities: 2.2.0
    dev: false
    resolution:
      integrity: sha512-n6kZFH/KlCrqs/1GHMOd5i2fd/beQHuehKdWvNNffbGHTr/almdhuVvTVFb3V7fglz+nC50fFusu3lY33h12pA==
  /domelementtype/2.1.0:
    dev: false
    resolution:
      integrity: sha512-LsTgx/L5VpD+Q8lmsXSHW2WpA+eBlZ9HPf3erD1IoPF00/3JKHZ3BknUVA2QGDNu69ZNmyFmCWBSO45XjYKC5w==
  /domhandler/4.0.0:
    dependencies:
      domelementtype: 2.1.0
    dev: false
    engines:
      node: '>= 4'
    resolution:
      integrity: sha512-KPTbnGQ1JeEMQyO1iYXoagsI6so/C96HZiFyByU3T6iAzpXn8EGEvct6unm1ZGoed8ByO2oirxgwxBmqKF9haA==
  /domutils/2.4.4:
    dependencies:
      dom-serializer: 1.2.0
      domelementtype: 2.1.0
      domhandler: 4.0.0
    dev: false
    resolution:
      integrity: sha512-jBC0vOsECI4OMdD0GC9mGn7NXPLb+Qt6KW1YDQzeQYRUFKmNG8lh7mO5HiELfr+lLQE7loDVI4QcAxV80HS+RA==
  /entities/2.2.0:
    dev: false
    resolution:
      integrity: sha512-p92if5Nz619I0w+akJrLZH0MX0Pb5DX39XOwQTtXSdQQOaYH03S1uIQp4mhOZtAXrxq4ViO67YTiLBo2638o9A==
  /form-data/3.0.0:
    dependencies:
      asynckit: 0.4.0
      combined-stream: 1.0.8
      mime-types: 2.1.28
    dev: true
    engines:
      node: '>= 6'
    resolution:
      integrity: sha512-CKMFDglpbMi6PyN+brwB9Q/GOw0eAnsrEZDgcsH5Krhz5Od/haKHAX0NmQfha2zPPz0JpWzA7GJHGSnvCRLWsg==
  /htmlparser2/6.0.0:
    dependencies:
      domelementtype: 2.1.0
      domhandler: 4.0.0
      domutils: 2.4.4
      entities: 2.2.0
    dev: false
    resolution:
      integrity: sha512-numTQtDZMoh78zJpaNdJ9MXb2cv5G3jwUoe3dMQODubZvLoGvTE/Ofp6sHvH8OGKcN/8A47pGLi/k58xHP/Tfw==
  /mime-db/1.45.0:
    dev: true
    engines:
      node: '>= 0.6'
    resolution:
      integrity: sha512-CkqLUxUk15hofLoLyljJSrukZi8mAtgd+yE5uO4tqRZsdsAJKv0O+rFMhVDRJgozy+yG6md5KwuXhD4ocIoP+w==
  /mime-types/2.1.28:
    dependencies:
      mime-db: 1.45.0
    dev: true
    engines:
      node: '>= 0.6'
    resolution:
      integrity: sha512-0TO2yJ5YHYr7M2zzT7gDU1tbwHxEUWBCLt0lscSNpcdAfFyJOVEpRYNS7EXVcTLNj/25QO8gulHC5JtTzSE2UQ==
  /node-fetch/2.6.1:
    dev: false
    engines:
      node: 4.x || >=6.0.0
    resolution:
      integrity: sha512-V4aYg89jEoVRxRb2fJdAg8FHvI7cEyYdVAh94HH0UIK8oJxUfkjlDQN9RbMx+bEjP7+ggMiFRprSti032Oipxw==
  /nth-check/2.0.0:
    dependencies:
      boolbase: 1.0.0
    dev: false
    resolution:
      integrity: sha512-i4sc/Kj8htBrAiH1viZ0TgU8Y5XqCaV/FziYK6TBczxmeKm3AEFWqqF3195yKudrarqy7Zu80Ra5dobFjn9X/Q==
  /typescript/4.1.3:
    dev: true
    engines:
      node: '>=4.2.0'
    hasBin: true
    resolution:
      integrity: sha512-B3ZIOf1IKeH2ixgHhj6la6xdwR9QrLC5d1VKeCSY4tvkqhF2eqd9O7txNlS0PO3GrBAFIdr3L1ndNwteUbZLYg==
